// !$*UTF8*$!
{
	archiveVersion = 1;
	classes = {
	};
	objectVersion = 56;
	objects = {

/* Begin PBXBuildFile section */
		A11A371D2B2E0AD0002B9146 /* GoogleService-Info.plist in Resources */ = {isa = PBXBuildFile; fileRef = A11A371C2B2E0AD0002B9146 /* GoogleService-Info.plist */; };
		A11A37202B2E0B9F002B9146 /* FirebaseAnalytics in Frameworks */ = {isa = PBXBuildFile; productRef = A11A371F2B2E0B9F002B9146 /* FirebaseAnalytics */; };
		A11A37222B2E0B9F002B9146 /* FirebaseAnalyticsOnDeviceConversion in Frameworks */ = {isa = PBXBuildFile; productRef = A11A37212B2E0B9F002B9146 /* FirebaseAnalyticsOnDeviceConversion */; };
		A11A37242B2E0B9F002B9146 /* FirebaseAnalyticsSwift in Frameworks */ = {isa = PBXBuildFile; productRef = A11A37232B2E0B9F002B9146 /* FirebaseAnalyticsSwift */; };
		A11A37262B2E0B9F002B9146 /* FirebaseAnalyticsWithoutAdIdSupport in Frameworks */ = {isa = PBXBuildFile; productRef = A11A37252B2E0B9F002B9146 /* FirebaseAnalyticsWithoutAdIdSupport */; };
		A11A37282B2E0B9F002B9146 /* FirebaseAppCheck in Frameworks */ = {isa = PBXBuildFile; productRef = A11A37272B2E0B9F002B9146 /* FirebaseAppCheck */; };
		A11A372A2B2E0B9F002B9146 /* FirebaseAppDistribution-Beta in Frameworks */ = {isa = PBXBuildFile; productRef = A11A37292B2E0B9F002B9146 /* FirebaseAppDistribution-Beta */; };
		A11A372C2B2E0B9F002B9146 /* FirebaseAuth in Frameworks */ = {isa = PBXBuildFile; productRef = A11A372B2B2E0B9F002B9146 /* FirebaseAuth */; };
		A11A372E2B2E0B9F002B9146 /* FirebaseAuthCombine-Community in Frameworks */ = {isa = PBXBuildFile; productRef = A11A372D2B2E0B9F002B9146 /* FirebaseAuthCombine-Community */; };
		A11A37302B2E0B9F002B9146 /* FirebaseCrashlytics in Frameworks */ = {isa = PBXBuildFile; productRef = A11A372F2B2E0B9F002B9146 /* FirebaseCrashlytics */; };
		A11A37322B2E0B9F002B9146 /* FirebaseDatabase in Frameworks */ = {isa = PBXBuildFile; productRef = A11A37312B2E0B9F002B9146 /* FirebaseDatabase */; };
		A11A37342B2E0B9F002B9146 /* FirebaseDatabaseSwift in Frameworks */ = {isa = PBXBuildFile; productRef = A11A37332B2E0B9F002B9146 /* FirebaseDatabaseSwift */; };
		A11A37362B2E0B9F002B9146 /* FirebaseDynamicLinks in Frameworks */ = {isa = PBXBuildFile; productRef = A11A37352B2E0B9F002B9146 /* FirebaseDynamicLinks */; };
		A11A37382B2E0B9F002B9146 /* FirebaseFirestore in Frameworks */ = {isa = PBXBuildFile; productRef = A11A37372B2E0B9F002B9146 /* FirebaseFirestore */; };
		A11A373A2B2E0B9F002B9146 /* FirebaseFirestoreCombine-Community in Frameworks */ = {isa = PBXBuildFile; productRef = A11A37392B2E0B9F002B9146 /* FirebaseFirestoreCombine-Community */; };
		A11A373C2B2E0B9F002B9146 /* FirebaseFirestoreSwift in Frameworks */ = {isa = PBXBuildFile; productRef = A11A373B2B2E0B9F002B9146 /* FirebaseFirestoreSwift */; };
		A11A373E2B2E0B9F002B9146 /* FirebaseFunctions in Frameworks */ = {isa = PBXBuildFile; productRef = A11A373D2B2E0B9F002B9146 /* FirebaseFunctions */; };
		A11A37402B2E0B9F002B9146 /* FirebaseFunctionsCombine-Community in Frameworks */ = {isa = PBXBuildFile; productRef = A11A373F2B2E0B9F002B9146 /* FirebaseFunctionsCombine-Community */; };
		A11A37422B2E0B9F002B9146 /* FirebaseInAppMessaging-Beta in Frameworks */ = {isa = PBXBuildFile; productRef = A11A37412B2E0B9F002B9146 /* FirebaseInAppMessaging-Beta */; };
		A11A37442B2E0B9F002B9146 /* FirebaseInAppMessagingSwift-Beta in Frameworks */ = {isa = PBXBuildFile; productRef = A11A37432B2E0B9F002B9146 /* FirebaseInAppMessagingSwift-Beta */; };
		A11A37462B2E0B9F002B9146 /* FirebaseInstallations in Frameworks */ = {isa = PBXBuildFile; productRef = A11A37452B2E0B9F002B9146 /* FirebaseInstallations */; };
		A11A37482B2E0B9F002B9146 /* FirebaseMLModelDownloader in Frameworks */ = {isa = PBXBuildFile; productRef = A11A37472B2E0B9F002B9146 /* FirebaseMLModelDownloader */; };
		A11A374A2B2E0B9F002B9146 /* FirebaseMessaging in Frameworks */ = {isa = PBXBuildFile; productRef = A11A37492B2E0B9F002B9146 /* FirebaseMessaging */; };
		A11A374C2B2E0B9F002B9146 /* FirebasePerformance in Frameworks */ = {isa = PBXBuildFile; productRef = A11A374B2B2E0B9F002B9146 /* FirebasePerformance */; };
		A11A374E2B2E0B9F002B9146 /* FirebaseRemoteConfig in Frameworks */ = {isa = PBXBuildFile; productRef = A11A374D2B2E0B9F002B9146 /* FirebaseRemoteConfig */; };
		A11A37502B2E0B9F002B9146 /* FirebaseRemoteConfigSwift in Frameworks */ = {isa = PBXBuildFile; productRef = A11A374F2B2E0B9F002B9146 /* FirebaseRemoteConfigSwift */; };
		A11A37522B2E0B9F002B9146 /* FirebaseStorage in Frameworks */ = {isa = PBXBuildFile; productRef = A11A37512B2E0B9F002B9146 /* FirebaseStorage */; };
		A11A37542B2E0B9F002B9146 /* FirebaseStorageCombine-Community in Frameworks */ = {isa = PBXBuildFile; productRef = A11A37532B2E0B9F002B9146 /* FirebaseStorageCombine-Community */; };
		A11DD3772B2F0828004C0759 /* LoginView.swift in Sources */ = {isa = PBXBuildFile; fileRef = A11DD3762B2F0828004C0759 /* LoginView.swift */; };
		A11DD37E2B2F0A05004C0759 /* InputView.swift in Sources */ = {isa = PBXBuildFile; fileRef = A11DD37D2B2F0A05004C0759 /* InputView.swift */; };
		A11DD3802B2F0F65004C0759 /* RegistrationView.swift in Sources */ = {isa = PBXBuildFile; fileRef = A11DD37F2B2F0F65004C0759 /* RegistrationView.swift */; };
		A11DD3822B2F19CF004C0759 /* ProfileView.swift in Sources */ = {isa = PBXBuildFile; fileRef = A11DD3812B2F19CF004C0759 /* ProfileView.swift */; };
		A11DD3842B2F4C32004C0759 /* AuthViewModel.swift in Sources */ = {isa = PBXBuildFile; fileRef = A11DD3832B2F4C32004C0759 /* AuthViewModel.swift */; };
		A11DD3862B2F4CF6004C0759 /* User.swift in Sources */ = {isa = PBXBuildFile; fileRef = A11DD3852B2F4CF6004C0759 /* User.swift */; };
		A1F55FE12B2DE9B000A4565D /* PleoApp.swift in Sources */ = {isa = PBXBuildFile; fileRef = A1F55FE02B2DE9B000A4565D /* PleoApp.swift */; };
		A1F55FE32B2DE9B000A4565D /* ContentView.swift in Sources */ = {isa = PBXBuildFile; fileRef = A1F55FE22B2DE9B000A4565D /* ContentView.swift */; };
		A1F55FE52B2DE9B100A4565D /* Assets.xcassets in Resources */ = {isa = PBXBuildFile; fileRef = A1F55FE42B2DE9B100A4565D /* Assets.xcassets */; };
		A1F55FE92B2DE9B100A4565D /* Preview Assets.xcassets in Resources */ = {isa = PBXBuildFile; fileRef = A1F55FE82B2DE9B100A4565D /* Preview Assets.xcassets */; };
/* End PBXBuildFile section */

/* Begin PBXFileReference section */
		A11A371C2B2E0AD0002B9146 /* GoogleService-Info.plist */ = {isa = PBXFileReference; fileEncoding = 4; lastKnownFileType = text.plist.xml; path = "GoogleService-Info.plist"; sourceTree = "<group>"; };
		A11DD3762B2F0828004C0759 /* LoginView.swift */ = {isa = PBXFileReference; lastKnownFileType = sourcecode.swift; path = LoginView.swift; sourceTree = "<group>"; };
		A11DD37D2B2F0A05004C0759 /* InputView.swift */ = {isa = PBXFileReference; lastKnownFileType = sourcecode.swift; path = InputView.swift; sourceTree = "<group>"; };
		A11DD37F2B2F0F65004C0759 /* RegistrationView.swift */ = {isa = PBXFileReference; lastKnownFileType = sourcecode.swift; path = RegistrationView.swift; sourceTree = "<group>"; };
		A11DD3812B2F19CF004C0759 /* ProfileView.swift */ = {isa = PBXFileReference; lastKnownFileType = sourcecode.swift; path = ProfileView.swift; sourceTree = "<group>"; };
		A11DD3832B2F4C32004C0759 /* AuthViewModel.swift */ = {isa = PBXFileReference; lastKnownFileType = sourcecode.swift; name = AuthViewModel.swift; path = Pleo/Core/Profile/AuthViewModel.swift; sourceTree = SOURCE_ROOT; };
		A11DD3852B2F4CF6004C0759 /* User.swift */ = {isa = PBXFileReference; lastKnownFileType = sourcecode.swift; path = User.swift; sourceTree = "<group>"; };
		A1F55FDD2B2DE9B000A4565D /* Pleo.app */ = {isa = PBXFileReference; explicitFileType = wrapper.application; includeInIndex = 0; path = Pleo.app; sourceTree = BUILT_PRODUCTS_DIR; };
		A1F55FE02B2DE9B000A4565D /* PleoApp.swift */ = {isa = PBXFileReference; lastKnownFileType = sourcecode.swift; path = PleoApp.swift; sourceTree = "<group>"; };
		A1F55FE22B2DE9B000A4565D /* ContentView.swift */ = {isa = PBXFileReference; lastKnownFileType = sourcecode.swift; path = ContentView.swift; sourceTree = "<group>"; };
		A1F55FE42B2DE9B100A4565D /* Assets.xcassets */ = {isa = PBXFileReference; lastKnownFileType = folder.assetcatalog; path = Assets.xcassets; sourceTree = "<group>"; };
		A1F55FE62B2DE9B100A4565D /* Pleo.entitlements */ = {isa = PBXFileReference; lastKnownFileType = text.plist.entitlements; path = Pleo.entitlements; sourceTree = "<group>"; };
		A1F55FE82B2DE9B100A4565D /* Preview Assets.xcassets */ = {isa = PBXFileReference; lastKnownFileType = folder.assetcatalog; path = "Preview Assets.xcassets"; sourceTree = "<group>"; };
/* End PBXFileReference section */

/* Begin PBXFrameworksBuildPhase section */
		A1F55FDA2B2DE9B000A4565D /* Frameworks */ = {
			isa = PBXFrameworksBuildPhase;
			buildActionMask = 2147483647;
			files = (
				A11A37322B2E0B9F002B9146 /* FirebaseDatabase in Frameworks */,
				A11A37402B2E0B9F002B9146 /* FirebaseFunctionsCombine-Community in Frameworks */,
				A11A37382B2E0B9F002B9146 /* FirebaseFirestore in Frameworks */,
				A11A37242B2E0B9F002B9146 /* FirebaseAnalyticsSwift in Frameworks */,
				A11A37202B2E0B9F002B9146 /* FirebaseAnalytics in Frameworks */,
				A11A37222B2E0B9F002B9146 /* FirebaseAnalyticsOnDeviceConversion in Frameworks */,
				A11A37482B2E0B9F002B9146 /* FirebaseMLModelDownloader in Frameworks */,
				A11A373C2B2E0B9F002B9146 /* FirebaseFirestoreSwift in Frameworks */,
				A11A37282B2E0B9F002B9146 /* FirebaseAppCheck in Frameworks */,
				A11A37262B2E0B9F002B9146 /* FirebaseAnalyticsWithoutAdIdSupport in Frameworks */,
				A11A372C2B2E0B9F002B9146 /* FirebaseAuth in Frameworks */,
				A11A37302B2E0B9F002B9146 /* FirebaseCrashlytics in Frameworks */,
				A11A37502B2E0B9F002B9146 /* FirebaseRemoteConfigSwift in Frameworks */,
				A11A37422B2E0B9F002B9146 /* FirebaseInAppMessaging-Beta in Frameworks */,
				A11A37342B2E0B9F002B9146 /* FirebaseDatabaseSwift in Frameworks */,
				A11A373E2B2E0B9F002B9146 /* FirebaseFunctions in Frameworks */,
				A11A37542B2E0B9F002B9146 /* FirebaseStorageCombine-Community in Frameworks */,
				A11A374E2B2E0B9F002B9146 /* FirebaseRemoteConfig in Frameworks */,
				A11A372A2B2E0B9F002B9146 /* FirebaseAppDistribution-Beta in Frameworks */,
				A11A372E2B2E0B9F002B9146 /* FirebaseAuthCombine-Community in Frameworks */,
				A11A374C2B2E0B9F002B9146 /* FirebasePerformance in Frameworks */,
				A11A37442B2E0B9F002B9146 /* FirebaseInAppMessagingSwift-Beta in Frameworks */,
				A11A37522B2E0B9F002B9146 /* FirebaseStorage in Frameworks */,
				A11A37362B2E0B9F002B9146 /* FirebaseDynamicLinks in Frameworks */,
				A11A373A2B2E0B9F002B9146 /* FirebaseFirestoreCombine-Community in Frameworks */,
				A11A374A2B2E0B9F002B9146 /* FirebaseMessaging in Frameworks */,
				A11A37462B2E0B9F002B9146 /* FirebaseInstallations in Frameworks */,
			);
			runOnlyForDeploymentPostprocessing = 0;
		};
/* End PBXFrameworksBuildPhase section */

/* Begin PBXGroup section */
		A11A37562B2E0C51002B9146 /* Auth */ = {
			isa = PBXGroup;
			children = (
				A11A37592B2E0C8C002B9146 /* ViewModel */,
				A11A37582B2E0C84002B9146 /* View */,
			);
			path = Auth;
			sourceTree = "<group>";
		};
		A11A37572B2E0C62002B9146 /* Core */ = {
			isa = PBXGroup;
			children = (
				A11DD37B2B2F09B4004C0759 /* Model */,
				A11DD37A2B2F09A3004C0759 /* Profile */,
				A11DD3792B2F099B004C0759 /* Root */,
				A11A37562B2E0C51002B9146 /* Auth */,
			);
			path = Core;
			sourceTree = "<group>";
		};
		A11A37582B2E0C84002B9146 /* View */ = {
			isa = PBXGroup;
			children = (
				A11DD3762B2F0828004C0759 /* LoginView.swift */,
				A11DD37F2B2F0F65004C0759 /* RegistrationView.swift */,
			);
			path = View;
			sourceTree = "<group>";
		};
		A11A37592B2E0C8C002B9146 /* ViewModel */ = {
			isa = PBXGroup;
			children = (
				A11DD3832B2F4C32004C0759 /* AuthViewModel.swift */,
			);
			path = ViewModel;
			sourceTree = "<group>";
		};
		A11DD3782B2F093F004C0759 /* App */ = {
			isa = PBXGroup;
			children = (
				A1F55FE02B2DE9B000A4565D /* PleoApp.swift */,
			);
			path = App;
			sourceTree = "<group>";
		};
		A11DD3792B2F099B004C0759 /* Root */ = {
			isa = PBXGroup;
			children = (
				A1F55FE22B2DE9B000A4565D /* ContentView.swift */,
			);
			path = Root;
			sourceTree = "<group>";
		};
		A11DD37A2B2F09A3004C0759 /* Profile */ = {
			isa = PBXGroup;
			children = (
				A11DD3812B2F19CF004C0759 /* ProfileView.swift */,
			);
			path = Profile;
			sourceTree = "<group>";
		};
		A11DD37B2B2F09B4004C0759 /* Model */ = {
			isa = PBXGroup;
			children = (
				A11DD3852B2F4CF6004C0759 /* User.swift */,
			);
			path = Model;
			sourceTree = "<group>";
		};
		A11DD37C2B2F09BE004C0759 /* Components */ = {
			isa = PBXGroup;
			children = (
				A11DD37D2B2F0A05004C0759 /* InputView.swift */,
			);
			path = Components;
			sourceTree = "<group>";
		};
		A1F55FD42B2DE9B000A4565D = {
			isa = PBXGroup;
			children = (
				A1F55FDF2B2DE9B000A4565D /* Pleo */,
				A1F55FDE2B2DE9B000A4565D /* Products */,
			);
			sourceTree = "<group>";
		};
		A1F55FDE2B2DE9B000A4565D /* Products */ = {
			isa = PBXGroup;
			children = (
				A1F55FDD2B2DE9B000A4565D /* Pleo.app */,
			);
			name = Products;
			sourceTree = "<group>";
		};
		A1F55FDF2B2DE9B000A4565D /* Pleo */ = {
			isa = PBXGroup;
			children = (
				A11DD37C2B2F09BE004C0759 /* Components */,
				A11DD3782B2F093F004C0759 /* App */,
				A11A37572B2E0C62002B9146 /* Core */,
				A1F55FE42B2DE9B100A4565D /* Assets.xcassets */,
				A1F55FE62B2DE9B100A4565D /* Pleo.entitlements */,
				A11A371C2B2E0AD0002B9146 /* GoogleService-Info.plist */,
				A1F55FE72B2DE9B100A4565D /* Preview Content */,
			);
			path = Pleo;
			sourceTree = "<group>";
		};
		A1F55FE72B2DE9B100A4565D /* Preview Content */ = {
			isa = PBXGroup;
			children = (
				A1F55FE82B2DE9B100A4565D /* Preview Assets.xcassets */,
			);
			path = "Preview Content";
			sourceTree = "<group>";
		};
/* End PBXGroup section */

/* Begin PBXNativeTarget section */
		A1F55FDC2B2DE9B000A4565D /* Pleo */ = {
			isa = PBXNativeTarget;
			buildConfigurationList = A1F55FEC2B2DE9B100A4565D /* Build configuration list for PBXNativeTarget "Pleo" */;
			buildPhases = (
				A1F55FD92B2DE9B000A4565D /* Sources */,
				A1F55FDA2B2DE9B000A4565D /* Frameworks */,
				A1F55FDB2B2DE9B000A4565D /* Resources */,
			);
			buildRules = (
			);
			dependencies = (
			);
			name = Pleo;
			packageProductDependencies = (
				A11A371F2B2E0B9F002B9146 /* FirebaseAnalytics */,
				A11A37212B2E0B9F002B9146 /* FirebaseAnalyticsOnDeviceConversion */,
				A11A37232B2E0B9F002B9146 /* FirebaseAnalyticsSwift */,
				A11A37252B2E0B9F002B9146 /* FirebaseAnalyticsWithoutAdIdSupport */,
				A11A37272B2E0B9F002B9146 /* FirebaseAppCheck */,
				A11A37292B2E0B9F002B9146 /* FirebaseAppDistribution-Beta */,
				A11A372B2B2E0B9F002B9146 /* FirebaseAuth */,
				A11A372D2B2E0B9F002B9146 /* FirebaseAuthCombine-Community */,
				A11A372F2B2E0B9F002B9146 /* FirebaseCrashlytics */,
				A11A37312B2E0B9F002B9146 /* FirebaseDatabase */,
				A11A37332B2E0B9F002B9146 /* FirebaseDatabaseSwift */,
				A11A37352B2E0B9F002B9146 /* FirebaseDynamicLinks */,
				A11A37372B2E0B9F002B9146 /* FirebaseFirestore */,
				A11A37392B2E0B9F002B9146 /* FirebaseFirestoreCombine-Community */,
				A11A373B2B2E0B9F002B9146 /* FirebaseFirestoreSwift */,
				A11A373D2B2E0B9F002B9146 /* FirebaseFunctions */,
				A11A373F2B2E0B9F002B9146 /* FirebaseFunctionsCombine-Community */,
				A11A37412B2E0B9F002B9146 /* FirebaseInAppMessaging-Beta */,
				A11A37432B2E0B9F002B9146 /* FirebaseInAppMessagingSwift-Beta */,
				A11A37452B2E0B9F002B9146 /* FirebaseInstallations */,
				A11A37472B2E0B9F002B9146 /* FirebaseMLModelDownloader */,
				A11A37492B2E0B9F002B9146 /* FirebaseMessaging */,
				A11A374B2B2E0B9F002B9146 /* FirebasePerformance */,
				A11A374D2B2E0B9F002B9146 /* FirebaseRemoteConfig */,
				A11A374F2B2E0B9F002B9146 /* FirebaseRemoteConfigSwift */,
				A11A37512B2E0B9F002B9146 /* FirebaseStorage */,
				A11A37532B2E0B9F002B9146 /* FirebaseStorageCombine-Community */,
			);
			productName = Pleo;
			productReference = A1F55FDD2B2DE9B000A4565D /* Pleo.app */;
			productType = "com.apple.product-type.application";
		};
/* End PBXNativeTarget section */

/* Begin PBXProject section */
		A1F55FD52B2DE9B000A4565D /* Project object */ = {
			isa = PBXProject;
			attributes = {
				BuildIndependentTargetsInParallel = 1;
				LastSwiftUpdateCheck = 1510;
				LastUpgradeCheck = 1510;
				TargetAttributes = {
					A1F55FDC2B2DE9B000A4565D = {
						CreatedOnToolsVersion = 15.1;
					};
				};
			};
			buildConfigurationList = A1F55FD82B2DE9B000A4565D /* Build configuration list for PBXProject "Pleo" */;
			compatibilityVersion = "Xcode 14.0";
			developmentRegion = en;
			hasScannedForEncodings = 0;
			knownRegions = (
				en,
				Base,
			);
			mainGroup = A1F55FD42B2DE9B000A4565D;
			packageReferences = (
				A11A371E2B2E0B9F002B9146 /* XCRemoteSwiftPackageReference "firebase-ios-sdk" */,
			);
			productRefGroup = A1F55FDE2B2DE9B000A4565D /* Products */;
			projectDirPath = "";
			projectRoot = "";
			targets = (
				A1F55FDC2B2DE9B000A4565D /* Pleo */,
			);
		};
/* End PBXProject section */

/* Begin PBXResourcesBuildPhase section */
		A1F55FDB2B2DE9B000A4565D /* Resources */ = {
			isa = PBXResourcesBuildPhase;
			buildActionMask = 2147483647;
			files = (
				A1F55FE92B2DE9B100A4565D /* Preview Assets.xcassets in Resources */,
				A1F55FE52B2DE9B100A4565D /* Assets.xcassets in Resources */,
				A11A371D2B2E0AD0002B9146 /* GoogleService-Info.plist in Resources */,
			);
			runOnlyForDeploymentPostprocessing = 0;
		};
/* End PBXResourcesBuildPhase section */

/* Begin PBXSourcesBuildPhase section */
		A1F55FD92B2DE9B000A4565D /* Sources */ = {
			isa = PBXSourcesBuildPhase;
			buildActionMask = 2147483647;
			files = (
				A11DD3772B2F0828004C0759 /* LoginView.swift in Sources */,
				A11DD37E2B2F0A05004C0759 /* InputView.swift in Sources */,
				A1F55FE32B2DE9B000A4565D /* ContentView.swift in Sources */,
				A11DD3842B2F4C32004C0759 /* AuthViewModel.swift in Sources */,
				A11DD3862B2F4CF6004C0759 /* User.swift in Sources */,
				A1F55FE12B2DE9B000A4565D /* PleoApp.swift in Sources */,
				A11DD3822B2F19CF004C0759 /* ProfileView.swift in Sources */,
				A11DD3802B2F0F65004C0759 /* RegistrationView.swift in Sources */,
			);
			runOnlyForDeploymentPostprocessing = 0;
		};
/* End PBXSourcesBuildPhase section */

/* Begin XCBuildConfiguration section */
		A1F55FEA2B2DE9B100A4565D /* Debug */ = {
			isa = XCBuildConfiguration;
			buildSettings = {
				ALWAYS_SEARCH_USER_PATHS = NO;
				ASSETCATALOG_COMPILER_GENERATE_SWIFT_ASSET_SYMBOL_EXTENSIONS = YES;
				CLANG_ANALYZER_NONNULL = YES;
				CLANG_ANALYZER_NUMBER_OBJECT_CONVERSION = YES_AGGRESSIVE;
				CLANG_CXX_LANGUAGE_STANDARD = "gnu++20";
				CLANG_ENABLE_MODULES = YES;
				CLANG_ENABLE_OBJC_ARC = YES;
				CLANG_ENABLE_OBJC_WEAK = YES;
				CLANG_WARN_BLOCK_CAPTURE_AUTORELEASING = YES;
				CLANG_WARN_BOOL_CONVERSION = YES;
				CLANG_WARN_COMMA = YES;
				CLANG_WARN_CONSTANT_CONVERSION = YES;
				CLANG_WARN_DEPRECATED_OBJC_IMPLEMENTATIONS = YES;
				CLANG_WARN_DIRECT_OBJC_ISA_USAGE = YES_ERROR;
				CLANG_WARN_DOCUMENTATION_COMMENTS = YES;
				CLANG_WARN_EMPTY_BODY = YES;
				CLANG_WARN_ENUM_CONVERSION = YES;
				CLANG_WARN_INFINITE_RECURSION = YES;
				CLANG_WARN_INT_CONVERSION = YES;
				CLANG_WARN_NON_LITERAL_NULL_CONVERSION = YES;
				CLANG_WARN_OBJC_IMPLICIT_RETAIN_SELF = YES;
				CLANG_WARN_OBJC_LITERAL_CONVERSION = YES;
				CLANG_WARN_OBJC_ROOT_CLASS = YES_ERROR;
				CLANG_WARN_QUOTED_INCLUDE_IN_FRAMEWORK_HEADER = YES;
				CLANG_WARN_RANGE_LOOP_ANALYSIS = YES;
				CLANG_WARN_STRICT_PROTOTYPES = YES;
				CLANG_WARN_SUSPICIOUS_MOVE = YES;
				CLANG_WARN_UNGUARDED_AVAILABILITY = YES_AGGRESSIVE;
				CLANG_WARN_UNREACHABLE_CODE = YES;
				CLANG_WARN__DUPLICATE_METHOD_MATCH = YES;
				COPY_PHASE_STRIP = NO;
				DEBUG_INFORMATION_FORMAT = dwarf;
				ENABLE_STRICT_OBJC_MSGSEND = YES;
				ENABLE_TESTABILITY = YES;
				ENABLE_USER_SCRIPT_SANDBOXING = YES;
				GCC_C_LANGUAGE_STANDARD = gnu17;
				GCC_DYNAMIC_NO_PIC = NO;
				GCC_NO_COMMON_BLOCKS = YES;
				GCC_OPTIMIZATION_LEVEL = 0;
				GCC_PREPROCESSOR_DEFINITIONS = (
					"DEBUG=1",
					"$(inherited)",
				);
				GCC_WARN_64_TO_32_BIT_CONVERSION = YES;
				GCC_WARN_ABOUT_RETURN_TYPE = YES_ERROR;
				GCC_WARN_UNDECLARED_SELECTOR = YES;
				GCC_WARN_UNINITIALIZED_AUTOS = YES_AGGRESSIVE;
				GCC_WARN_UNUSED_FUNCTION = YES;
				GCC_WARN_UNUSED_VARIABLE = YES;
				LOCALIZATION_PREFERS_STRING_CATALOGS = YES;
				MTL_ENABLE_DEBUG_INFO = INCLUDE_SOURCE;
				MTL_FAST_MATH = YES;
				ONLY_ACTIVE_ARCH = YES;
				SWIFT_ACTIVE_COMPILATION_CONDITIONS = "DEBUG $(inherited)";
				SWIFT_OPTIMIZATION_LEVEL = "-Onone";
			};
			name = Debug;
		};
		A1F55FEB2B2DE9B100A4565D /* Release */ = {
			isa = XCBuildConfiguration;
			buildSettings = {
				ALWAYS_SEARCH_USER_PATHS = NO;
				ASSETCATALOG_COMPILER_GENERATE_SWIFT_ASSET_SYMBOL_EXTENSIONS = YES;
				CLANG_ANALYZER_NONNULL = YES;
				CLANG_ANALYZER_NUMBER_OBJECT_CONVERSION = YES_AGGRESSIVE;
				CLANG_CXX_LANGUAGE_STANDARD = "gnu++20";
				CLANG_ENABLE_MODULES = YES;
				CLANG_ENABLE_OBJC_ARC = YES;
				CLANG_ENABLE_OBJC_WEAK = YES;
				CLANG_WARN_BLOCK_CAPTURE_AUTORELEASING = YES;
				CLANG_WARN_BOOL_CONVERSION = YES;
				CLANG_WARN_COMMA = YES;
				CLANG_WARN_CONSTANT_CONVERSION = YES;
				CLANG_WARN_DEPRECATED_OBJC_IMPLEMENTATIONS = YES;
				CLANG_WARN_DIRECT_OBJC_ISA_USAGE = YES_ERROR;
				CLANG_WARN_DOCUMENTATION_COMMENTS = YES;
				CLANG_WARN_EMPTY_BODY = YES;
				CLANG_WARN_ENUM_CONVERSION = YES;
				CLANG_WARN_INFINITE_RECURSION = YES;
				CLANG_WARN_INT_CONVERSION = YES;
				CLANG_WARN_NON_LITERAL_NULL_CONVERSION = YES;
				CLANG_WARN_OBJC_IMPLICIT_RETAIN_SELF = YES;
				CLANG_WARN_OBJC_LITERAL_CONVERSION = YES;
				CLANG_WARN_OBJC_ROOT_CLASS = YES_ERROR;
				CLANG_WARN_QUOTED_INCLUDE_IN_FRAMEWORK_HEADER = YES;
				CLANG_WARN_RANGE_LOOP_ANALYSIS = YES;
				CLANG_WARN_STRICT_PROTOTYPES = YES;
				CLANG_WARN_SUSPICIOUS_MOVE = YES;
				CLANG_WARN_UNGUARDED_AVAILABILITY = YES_AGGRESSIVE;
				CLANG_WARN_UNREACHABLE_CODE = YES;
				CLANG_WARN__DUPLICATE_METHOD_MATCH = YES;
				COPY_PHASE_STRIP = NO;
				DEBUG_INFORMATION_FORMAT = "dwarf-with-dsym";
				ENABLE_NS_ASSERTIONS = NO;
				ENABLE_STRICT_OBJC_MSGSEND = YES;
				ENABLE_USER_SCRIPT_SANDBOXING = YES;
				GCC_C_LANGUAGE_STANDARD = gnu17;
				GCC_NO_COMMON_BLOCKS = YES;
				GCC_WARN_64_TO_32_BIT_CONVERSION = YES;
				GCC_WARN_ABOUT_RETURN_TYPE = YES_ERROR;
				GCC_WARN_UNDECLARED_SELECTOR = YES;
				GCC_WARN_UNINITIALIZED_AUTOS = YES_AGGRESSIVE;
				GCC_WARN_UNUSED_FUNCTION = YES;
				GCC_WARN_UNUSED_VARIABLE = YES;
				LOCALIZATION_PREFERS_STRING_CATALOGS = YES;
				MTL_ENABLE_DEBUG_INFO = NO;
				MTL_FAST_MATH = YES;
				SWIFT_COMPILATION_MODE = wholemodule;
			};
			name = Release;
		};
		A1F55FED2B2DE9B100A4565D /* Debug */ = {
			isa = XCBuildConfiguration;
			buildSettings = {
				ASSETCATALOG_COMPILER_APPICON_NAME = AppIcon;
				ASSETCATALOG_COMPILER_GLOBAL_ACCENT_COLOR_NAME = AccentColor;
				CODE_SIGN_ENTITLEMENTS = Pleo/Pleo.entitlements;
				CODE_SIGN_STYLE = Automatic;
				CURRENT_PROJECT_VERSION = 1;
				DEVELOPMENT_ASSET_PATHS = "\"Pleo/Preview Content\"";
				DEVELOPMENT_TEAM = 328248VVV8;
				ENABLE_HARDENED_RUNTIME = YES;
				ENABLE_PREVIEWS = YES;
				GENERATE_INFOPLIST_FILE = YES;
				"INFOPLIST_KEY_UIApplicationSceneManifest_Generation[sdk=iphoneos*]" = YES;
				"INFOPLIST_KEY_UIApplicationSceneManifest_Generation[sdk=iphonesimulator*]" = YES;
				"INFOPLIST_KEY_UIApplicationSupportsIndirectInputEvents[sdk=iphoneos*]" = YES;
				"INFOPLIST_KEY_UIApplicationSupportsIndirectInputEvents[sdk=iphonesimulator*]" = YES;
				"INFOPLIST_KEY_UILaunchScreen_Generation[sdk=iphoneos*]" = YES;
				"INFOPLIST_KEY_UILaunchScreen_Generation[sdk=iphonesimulator*]" = YES;
				"INFOPLIST_KEY_UIStatusBarStyle[sdk=iphoneos*]" = UIStatusBarStyleDefault;
				"INFOPLIST_KEY_UIStatusBarStyle[sdk=iphonesimulator*]" = UIStatusBarStyleDefault;
				INFOPLIST_KEY_UISupportedInterfaceOrientations_iPad = "UIInterfaceOrientationPortrait UIInterfaceOrientationPortraitUpsideDown UIInterfaceOrientationLandscapeLeft UIInterfaceOrientationLandscapeRight";
				INFOPLIST_KEY_UISupportedInterfaceOrientations_iPhone = "UIInterfaceOrientationPortrait UIInterfaceOrientationLandscapeLeft UIInterfaceOrientationLandscapeRight";
				IPHONEOS_DEPLOYMENT_TARGET = 17.2;
				LD_RUNPATH_SEARCH_PATHS = "@executable_path/Frameworks";
				"LD_RUNPATH_SEARCH_PATHS[sdk=macosx*]" = "@executable_path/../Frameworks";
				MACOSX_DEPLOYMENT_TARGET = 13.5;
				MARKETING_VERSION = 1.0;
				PRODUCT_BUNDLE_IDENTIFIER = com.vintmonde.Pleo;
				PRODUCT_NAME = "$(TARGET_NAME)";
				SDKROOT = auto;
				SUPPORTED_PLATFORMS = "iphoneos iphonesimulator macosx";
				SWIFT_EMIT_LOC_STRINGS = YES;
				SWIFT_VERSION = 5.0;
				TARGETED_DEVICE_FAMILY = "1,2";
			};
			name = Debug;
		};
		A1F55FEE2B2DE9B100A4565D /* Release */ = {
			isa = XCBuildConfiguration;
			buildSettings = {
				ASSETCATALOG_COMPILER_APPICON_NAME = AppIcon;
				ASSETCATALOG_COMPILER_GLOBAL_ACCENT_COLOR_NAME = AccentColor;
				CODE_SIGN_ENTITLEMENTS = Pleo/Pleo.entitlements;
				CODE_SIGN_STYLE = Automatic;
				CURRENT_PROJECT_VERSION = 1;
				DEVELOPMENT_ASSET_PATHS = "\"Pleo/Preview Content\"";
				DEVELOPMENT_TEAM = 328248VVV8;
				ENABLE_HARDENED_RUNTIME = YES;
				ENABLE_PREVIEWS = YES;
				GENERATE_INFOPLIST_FILE = YES;
				"INFOPLIST_KEY_UIApplicationSceneManifest_Generation[sdk=iphoneos*]" = YES;
				"INFOPLIST_KEY_UIApplicationSceneManifest_Generation[sdk=iphonesimulator*]" = YES;
				"INFOPLIST_KEY_UIApplicationSupportsIndirectInputEvents[sdk=iphoneos*]" = YES;
				"INFOPLIST_KEY_UIApplicationSupportsIndirectInputEvents[sdk=iphonesimulator*]" = YES;
				"INFOPLIST_KEY_UILaunchScreen_Generation[sdk=iphoneos*]" = YES;
				"INFOPLIST_KEY_UILaunchScreen_Generation[sdk=iphonesimulator*]" = YES;
				"INFOPLIST_KEY_UIStatusBarStyle[sdk=iphoneos*]" = UIStatusBarStyleDefault;
				"INFOPLIST_KEY_UIStatusBarStyle[sdk=iphonesimulator*]" = UIStatusBarStyleDefault;
				INFOPLIST_KEY_UISupportedInterfaceOrientations_iPad = "UIInterfaceOrientationPortrait UIInterfaceOrientationPortraitUpsideDown UIInterfaceOrientationLandscapeLeft UIInterfaceOrientationLandscapeRight";
				INFOPLIST_KEY_UISupportedInterfaceOrientations_iPhone = "UIInterfaceOrientationPortrait UIInterfaceOrientationLandscapeLeft UIInterfaceOrientationLandscapeRight";
				IPHONEOS_DEPLOYMENT_TARGET = 17.2;
				LD_RUNPATH_SEARCH_PATHS = "@executable_path/Frameworks";
				"LD_RUNPATH_SEARCH_PATHS[sdk=macosx*]" = "@executable_path/../Frameworks";
				MACOSX_DEPLOYMENT_TARGET = 13.5;
				MARKETING_VERSION = 1.0;
				PRODUCT_BUNDLE_IDENTIFIER = com.vintmonde.Pleo;
				PRODUCT_NAME = "$(TARGET_NAME)";
				SDKROOT = auto;
				SUPPORTED_PLATFORMS = "iphoneos iphonesimulator macosx";
				SWIFT_EMIT_LOC_STRINGS = YES;
				SWIFT_VERSION = 5.0;
				TARGETED_DEVICE_FAMILY = "1,2";
			};
			name = Release;
		};
/* End XCBuildConfiguration section */

/* Begin XCConfigurationList section */
		A1F55FD82B2DE9B000A4565D /* Build configuration list for PBXProject "Pleo" */ = {
			isa = XCConfigurationList;
			buildConfigurations = (
				A1F55FEA2B2DE9B100A4565D /* Debug */,
				A1F55FEB2B2DE9B100A4565D /* Release */,
			);
			defaultConfigurationIsVisible = 0;
			defaultConfigurationName = Release;
		};
		A1F55FEC2B2DE9B100A4565D /* Build configuration list for PBXNativeTarget "Pleo" */ = {
			isa = XCConfigurationList;
			buildConfigurations = (
				A1F55FED2B2DE9B100A4565D /* Debug */,
				A1F55FEE2B2DE9B100A4565D /* Release */,
			);
			defaultConfigurationIsVisible = 0;
			defaultConfigurationName = Release;
		};
/* End XCConfigurationList section */

/* Begin XCRemoteSwiftPackageReference section */
		A11A371E2B2E0B9F002B9146 /* XCRemoteSwiftPackageReference "firebase-ios-sdk" */ = {
			isa = XCRemoteSwiftPackageReference;
			repositoryURL = "https://github.com/firebase/firebase-ios-sdk";
			requirement = {
				kind = upToNextMajorVersion;
				minimumVersion = 10.19.1;
			};
		};
/* End XCRemoteSwiftPackageReference section */

/* Begin XCSwiftPackageProductDependency section */
		A11A371F2B2E0B9F002B9146 /* FirebaseAnalytics */ = {
			isa = XCSwiftPackageProductDependency;
			package = A11A371E2B2E0B9F002B9146 /* XCRemoteSwiftPackageReference "firebase-ios-sdk" */;
			productName = FirebaseAnalytics;
		};
		A11A37212B2E0B9F002B9146 /* FirebaseAnalyticsOnDeviceConversion */ = {
			isa = XCSwiftPackageProductDependency;
			package = A11A371E2B2E0B9F002B9146 /* XCRemoteSwiftPackageReference "firebase-ios-sdk" */;
			productName = FirebaseAnalyticsOnDeviceConversion;
		};
		A11A37232B2E0B9F002B9146 /* FirebaseAnalyticsSwift */ = {
			isa = XCSwiftPackageProductDependency;
			package = A11A371E2B2E0B9F002B9146 /* XCRemoteSwiftPackageReference "firebase-ios-sdk" */;
			productName = FirebaseAnalyticsSwift;
		};
		A11A37252B2E0B9F002B9146 /* FirebaseAnalyticsWithoutAdIdSupport */ = {
			isa = XCSwiftPackageProductDependency;
			package = A11A371E2B2E0B9F002B9146 /* XCRemoteSwiftPackageReference "firebase-ios-sdk" */;
			productName = FirebaseAnalyticsWithoutAdIdSupport;
		};
		A11A37272B2E0B9F002B9146 /* FirebaseAppCheck */ = {
			isa = XCSwiftPackageProductDependency;
			package = A11A371E2B2E0B9F002B9146 /* XCRemoteSwiftPackageReference "firebase-ios-sdk" */;
			productName = FirebaseAppCheck;
		};
		A11A37292B2E0B9F002B9146 /* FirebaseAppDistribution-Beta */ = {
			isa = XCSwiftPackageProductDependency;
			package = A11A371E2B2E0B9F002B9146 /* XCRemoteSwiftPackageReference "firebase-ios-sdk" */;
			productName = "FirebaseAppDistribution-Beta";
		};
		A11A372B2B2E0B9F002B9146 /* FirebaseAuth */ = {
			isa = XCSwiftPackageProductDependency;
			package = A11A371E2B2E0B9F002B9146 /* XCRemoteSwiftPackageReference "firebase-ios-sdk" */;
			productName = FirebaseAuth;
		};
		A11A372D2B2E0B9F002B9146 /* FirebaseAuthCombine-Community */ = {
			isa = XCSwiftPackageProductDependency;
			package = A11A371E2B2E0B9F002B9146 /* XCRemoteSwiftPackageReference "firebase-ios-sdk" */;
			productName = "FirebaseAuthCombine-Community";
		};
		A11A372F2B2E0B9F002B9146 /* FirebaseCrashlytics */ = {
			isa = XCSwiftPackageProductDependency;
			package = A11A371E2B2E0B9F002B9146 /* XCRemoteSwiftPackageReference "firebase-ios-sdk" */;
			productName = FirebaseCrashlytics;
		};
		A11A37312B2E0B9F002B9146 /* FirebaseDatabase */ = {
			isa = XCSwiftPackageProductDependency;
			package = A11A371E2B2E0B9F002B9146 /* XCRemoteSwiftPackageReference "firebase-ios-sdk" */;
			productName = FirebaseDatabase;
		};
		A11A37332B2E0B9F002B9146 /* FirebaseDatabaseSwift */ = {
			isa = XCSwiftPackageProductDependency;
			package = A11A371E2B2E0B9F002B9146 /* XCRemoteSwiftPackageReference "firebase-ios-sdk" */;
			productName = FirebaseDatabaseSwift;
		};
		A11A37352B2E0B9F002B9146 /* FirebaseDynamicLinks */ = {
			isa = XCSwiftPackageProductDependency;
			package = A11A371E2B2E0B9F002B9146 /* XCRemoteSwiftPackageReference "firebase-ios-sdk" */;
			productName = FirebaseDynamicLinks;
		};
		A11A37372B2E0B9F002B9146 /* FirebaseFirestore */ = {
			isa = XCSwiftPackageProductDependency;
			package = A11A371E2B2E0B9F002B9146 /* XCRemoteSwiftPackageReference "firebase-ios-sdk" */;
			productName = FirebaseFirestore;
		};
		A11A37392B2E0B9F002B9146 /* FirebaseFirestoreCombine-Community */ = {
			isa = XCSwiftPackageProductDependency;
			package = A11A371E2B2E0B9F002B9146 /* XCRemoteSwiftPackageReference "firebase-ios-sdk" */;
			productName = "FirebaseFirestoreCombine-Community";
		};
		A11A373B2B2E0B9F002B9146 /* FirebaseFirestoreSwift */ = {
			isa = XCSwiftPackageProductDependency;
			package = A11A371E2B2E0B9F002B9146 /* XCRemoteSwiftPackageReference "firebase-ios-sdk" */;
			productName = FirebaseFirestoreSwift;
		};
		A11A373D2B2E0B9F002B9146 /* FirebaseFunctions */ = {
			isa = XCSwiftPackageProductDependency;
			package = A11A371E2B2E0B9F002B9146 /* XCRemoteSwiftPackageReference "firebase-ios-sdk" */;
			productName = FirebaseFunctions;
		};
		A11A373F2B2E0B9F002B9146 /* FirebaseFunctionsCombine-Community */ = {
			isa = XCSwiftPackageProductDependency;
			package = A11A371E2B2E0B9F002B9146 /* XCRemoteSwiftPackageReference "firebase-ios-sdk" */;
			productName = "FirebaseFunctionsCombine-Community";
		};
		A11A37412B2E0B9F002B9146 /* FirebaseInAppMessaging-Beta */ = {
			isa = XCSwiftPackageProductDependency;
			package = A11A371E2B2E0B9F002B9146 /* XCRemoteSwiftPackageReference "firebase-ios-sdk" */;
			productName = "FirebaseInAppMessaging-Beta";
		};
		A11A37432B2E0B9F002B9146 /* FirebaseInAppMessagingSwift-Beta */ = {
			isa = XCSwiftPackageProductDependency;
			package = A11A371E2B2E0B9F002B9146 /* XCRemoteSwiftPackageReference "firebase-ios-sdk" */;
			productName = "FirebaseInAppMessagingSwift-Beta";
		};
		A11A37452B2E0B9F002B9146 /* FirebaseInstallations */ = {
			isa = XCSwiftPackageProductDependency;
			package = A11A371E2B2E0B9F002B9146 /* XCRemoteSwiftPackageReference "firebase-ios-sdk" */;
			productName = FirebaseInstallations;
		};
		A11A37472B2E0B9F002B9146 /* FirebaseMLModelDownloader */ = {
			isa = XCSwiftPackageProductDependency;
			package = A11A371E2B2E0B9F002B9146 /* XCRemoteSwiftPackageReference "firebase-ios-sdk" */;
			productName = FirebaseMLModelDownloader;
		};
		A11A37492B2E0B9F002B9146 /* FirebaseMessaging */ = {
			isa = XCSwiftPackageProductDependency;
			package = A11A371E2B2E0B9F002B9146 /* XCRemoteSwiftPackageReference "firebase-ios-sdk" */;
			productName = FirebaseMessaging;
		};
		A11A374B2B2E0B9F002B9146 /* FirebasePerformance */ = {
			isa = XCSwiftPackageProductDependency;
			package = A11A371E2B2E0B9F002B9146 /* XCRemoteSwiftPackageReference "firebase-ios-sdk" */;
			productName = FirebasePerformance;
		};
		A11A374D2B2E0B9F002B9146 /* FirebaseRemoteConfig */ = {
			isa = XCSwiftPackageProductDependency;
			package = A11A371E2B2E0B9F002B9146 /* XCRemoteSwiftPackageReference "firebase-ios-sdk" */;
			productName = FirebaseRemoteConfig;
		};
		A11A374F2B2E0B9F002B9146 /* FirebaseRemoteConfigSwift */ = {
			isa = XCSwiftPackageProductDependency;
			package = A11A371E2B2E0B9F002B9146 /* XCRemoteSwiftPackageReference "firebase-ios-sdk" */;
			productName = FirebaseRemoteConfigSwift;
		};
		A11A37512B2E0B9F002B9146 /* FirebaseStorage */ = {
			isa = XCSwiftPackageProductDependency;
			package = A11A371E2B2E0B9F002B9146 /* XCRemoteSwiftPackageReference "firebase-ios-sdk" */;
			productName = FirebaseStorage;
		};
		A11A37532B2E0B9F002B9146 /* FirebaseStorageCombine-Community */ = {
			isa = XCSwiftPackageProductDependency;
			package = A11A371E2B2E0B9F002B9146 /* XCRemoteSwiftPackageReference "firebase-ios-sdk" */;
			productName = "FirebaseStorageCombine-Community";
		};
/* End XCSwiftPackageProductDependency section */
	};
	rootObject = A1F55FD52B2DE9B000A4565D /* Project object */;
}
